
Microsoft Visual Studio Solution File, Format Version 12.00
# Visual Studio 15
VisualStudioVersion = 15.0.27004.2009
MinimumVisualStudioVersion = 10.0.40219.1
Project("{FAE04EC0-301F-11D3-BF4B-00C04F79EFBC}") = "LongestWords", "LongestWord\LongestWords.csproj", "{08EE906B-FF92-4028-B11D-DADD0ABACF1B}"
EndProject
Global
	GlobalSection(SolutionConfigurationPlatforms) = preSolution
		Debug|Any CPU = Debug|Any CPU
		Release|Any CPU = Release|Any CPU
	EndGlobalSection
	GlobalSection(ProjectConfigurationPlatforms) = postSolution
		{08EE906B-FF92-4028-B11D-DADD0ABACF1B}.Debug|Any CPU.ActiveCfg = Debug|Any CPU
		{08EE906B-FF92-4028-B11D-DADD0ABACF1B}.Debug|Any CPU.Build.0 = Debug|Any CPU
		{08EE906B-FF92-4028-B11D-DADD0ABACF1B}.Release|Any CPU.ActiveCfg = Release|Any CPU
		{08EE906B-FF92-4028-B11D-DADD0ABACF1B}.Release|Any CPU.Build.0 = Release|Any CPU
	EndGlobalSection
	GlobalSection(SolutionProperties) = preSolution
		HideSolutionNode = FALSE
	EndGlobalSection
	GlobalSection(ExtensibilityGlobals) = postSolution
		SolutionGuid = {5F368D61-16FA-48BF-A554-B95FA5E18725}
	EndGlobalSection
EndGlobal
